
Microsoft Visual Studio Solution File, Format Version 12.00
# Visual Studio Version 16
VisualStudioVersion = 16.0.29911.84
MinimumVisualStudioVersion = 10.0.40219.1
Project("{8BC9CEB8-8B4A-11D0-8D11-00A0C91BC942}") = "VoiceIdentifier", "VoiceIdentifier\VoiceIdentifier.vcxproj", "{DAABE188-1516-424B-AECF-D47933FDBD60}"
EndProject
Global
	GlobalSection(SolutionConfigurationPlatforms) = preSolution
		Debug|x64 = Debug|x64
		Debug|x86 = Debug|x86
		Release|x64 = Release|x64
		Release|x86 = Release|x86
	EndGlobalSection
	GlobalSection(ProjectConfigurationPlatforms) = postSolution
		{DAABE188-1516-424B-AECF-D47933FDBD60}.Debug|x64.ActiveCfg = Debug|x64
		{DAABE188-1516-424B-AECF-D47933FDBD60}.Debug|x64.Build.0 = Debug|x64
		{DAABE188-1516-424B-AECF-D47933FDBD60}.Debug|x86.ActiveCfg = Debug|Win32
		{DAABE188-1516-424B-AECF-D47933FDBD60}.Debug|x86.Build.0 = Debug|Win32
		{DAABE188-1516-424B-AECF-D47933FDBD60}.Release|x64.ActiveCfg = Release|x64
		{DAABE188-1516-424B-AECF-D47933FDBD60}.Release|x64.Build.0 = Release|x64
		{DAABE188-1516-424B-AECF-D47933FDBD60}.Release|x86.ActiveCfg = Release|Win32
		{DAABE188-1516-424B-AECF-D47933FDBD60}.Release|x86.Build.0 = Release|Win32
	EndGlobalSection
	GlobalSection(SolutionProperties) = preSolution
		HideSolutionNode = FALSE
	EndGlobalSection
	GlobalSection(ExtensibilityGlobals) = postSolution
		SolutionGuid = {7884064D-2392-493A-B8B1-192099196825}
	EndGlobalSection
EndGlobal
